<?xml version="1.0" encoding="utf-8"?>
<Project ToolsVersion="4.0" xmlns="http://schemas.microsoft.com/developer/msbuild/2003">
  <ItemGroup>
    <Filter Include="Source Files">
      <UniqueIdentifier>{7acb3ec7-b7f1-4cc9-bcd0-5f8a73a44039}</UniqueIdentifier>
      <Extensions>cpp;c;cxx;rc;def;r;odl;idl;hpj;bat;for;f90</Extensions>
    </Filter>
    <Filter Include="Source Files\weapons">
      <UniqueIdentifier>{9922d3a8-d1c5-4f0d-b313-5050cd43a0df}</UniqueIdentifier>
    </Filter>
    <Filter Include="Header Files">
      <UniqueIdentifier>{91fc51f0-bb7f-47a1-8a5e-fe0dc2789d2f}</UniqueIdentifier>
      <Extensions>h;hpp;hxx;hm;inl;fi;fd</Extensions>
    </Filter>
    <Filter Include="Resource Files">
      <UniqueIdentifier>{88b4148a-9a5a-4a46-8339-5e165b2de24e}</UniqueIdentifier>
      <Extensions>ico;cur;bmp;dlg;rc2;rct;bin;cnt;rtf;gif;jpg;jpeg;jpe</Extensions>
    </Filter>
    <Filter Include="common">
      <UniqueIdentifier>{6fb737a1-7f60-4ead-9fd2-b56897327c0a}</UniqueIdentifier>
    </Filter>
    <Filter Include="engine">
      <UniqueIdentifier>{4213db46-1cd2-4a68-812d-933bd6159268}</UniqueIdentifier>
    </Filter>
    <Filter Include="public">
      <UniqueIdentifier>{a7a9a234-5a6f-429c-bcd2-e844179a0d9d}</UniqueIdentifier>
    </Filter>
    <Filter Include="utils">
      <UniqueIdentifier>{3c45fdcc-bc99-46c2-bdb4-f9c139fb2e68}</UniqueIdentifier>
    </Filter>
  </ItemGroup>
  <ItemGroup>
    <ClCompile Include="airtank.cpp">
      <Filter>Source Files</Filter>
    </ClCompile>
    <ClCompile Include="ammo.cpp">
      <Filter>Source Files</Filter>
    </ClCompile>
    <ClCompile Include="animating.cpp">
      <Filter>Source Files</Filter>
    </ClCompile>
    <ClCompile Include="animation.cpp">
      <Filter>Source Files</Filter>
    </ClCompile>
    <ClCompile Include="bmodels.cpp">
      <Filter>Source Files</Filter>
    </ClCompile>
    <ClCompile Include="buttons.cpp">
      <Filter>Source Files</Filter>
    </ClCompile>
    <ClCompile Include="cbase.cpp">
      <Filter>Source Files</Filter>
    </ClCompile>
    <ClCompile Include="client.cpp">
      <Filter>Source Files</Filter>
    </ClCompile>
    <ClCompile Include="combat.cpp">
      <Filter>Source Files</Filter>
    </ClCompile>
    <ClCompile Include="doors.cpp">
      <Filter>Source Files</Filter>
    </ClCompile>
    <ClCompile Include="effects.cpp">
      <Filter>Source Files</Filter>
    </ClCompile>
    <ClCompile Include="explode.cpp">
      <Filter>Source Files</Filter>
    </ClCompile>
    <ClCompile Include="func_break.cpp">
      <Filter>Source Files</Filter>
    </ClCompile>
    <ClCompile Include="func_tank.cpp">
      <Filter>Source Files</Filter>
    </ClCompile>
    <ClCompile Include="game.cpp">
      <Filter>Source Files</Filter>
    </ClCompile>
    <ClCompile Include="gamerules.cpp">
      <Filter>Source Files</Filter>
    </ClCompile>
    <ClCompile Include="ggrenade.cpp">
      <Filter>Source Files</Filter>
    </ClCompile>
    <ClCompile Include="globals.cpp">
      <Filter>Source Files</Filter>
    </ClCompile>
    <ClCompile Include="h_ai.cpp">
      <Filter>Source Files</Filter>
    </ClCompile>
    <ClCompile Include="h_battery.cpp">
      <Filter>Source Files</Filter>
    </ClCompile>
    <ClCompile Include="h_cycler.cpp">
      <Filter>Source Files</Filter>
    </ClCompile>
    <ClCompile Include="h_export.cpp">
      <Filter>Source Files</Filter>
    </ClCompile>
    <ClCompile Include="healthkit.cpp">
      <Filter>Source Files</Filter>
    </ClCompile>
    <ClCompile Include="hintmessage.cpp">
      <Filter>Source Files</Filter>
    </ClCompile>
    <ClCompile Include="hostage.cpp">
      <Filter>Source Files</Filter>
    </ClCompile>
    <ClCompile Include="hostage_localnav.cpp">
      <Filter>Source Files</Filter>
    </ClCompile>
    <ClCompile Include="items.cpp">
      <Filter>Source Files</Filter>
    </ClCompile>
    <ClCompile Include="lights.cpp">
      <Filter>Source Files</Filter>
    </ClCompile>
    <ClCompile Include="mapinfo.cpp">
      <Filter>Source Files</Filter>
    </ClCompile>
    <ClCompile Include="maprules.cpp">
      <Filter>Source Files</Filter>
    </ClCompile>
    <ClCompile Include="MemPool.cpp">
      <Filter>Source Files</Filter>
    </ClCompile>
    <ClCompile Include="mortar.cpp">
      <Filter>Source Files</Filter>
    </ClCompile>
    <ClCompile Include="mpstubb.cpp">
      <Filter>Source Files</Filter>
    </ClCompile>
    <ClCompile Include="multiplay_gamerules.cpp">
      <Filter>Source Files</Filter>
    </ClCompile>
    <ClCompile Include="observer.cpp">
      <Filter>Source Files</Filter>
    </ClCompile>
    <ClCompile Include="pathcorner.cpp">
      <Filter>Source Files</Filter>
    </ClCompile>
    <ClCompile Include="perf_counter.cpp">
      <Filter>Source Files</Filter>
    </ClCompile>
    <ClCompile Include="plane.cpp">
      <Filter>Source Files</Filter>
    </ClCompile>
    <ClCompile Include="plats.cpp">
      <Filter>Source Files</Filter>
    </ClCompile>
    <ClCompile Include="player.cpp">
      <Filter>Source Files</Filter>
    </ClCompile>
    <ClCompile Include="..\pm_shared\pm_debug.c">
      <Filter>Source Files</Filter>
    </ClCompile>
    <ClCompile Include="..\pm_shared\pm_math.c">
      <Filter>Source Files</Filter>
    </ClCompile>
    <ClCompile Include="..\pm_shared\pm_shared.c">
      <Filter>Source Files</Filter>
    </ClCompile>
    <ClCompile Include="singleplay_gamerules.cpp">
      <Filter>Source Files</Filter>
    </ClCompile>
    <ClCompile Include="skill.cpp">
      <Filter>Source Files</Filter>
    </ClCompile>
    <ClCompile Include="sound.cpp">
      <Filter>Source Files</Filter>
    </ClCompile>
    <ClCompile Include="soundent.cpp">
      <Filter>Source Files</Filter>
    </ClCompile>
    <ClCompile Include="spectator.cpp">
      <Filter>Source Files</Filter>
    </ClCompile>
    <ClCompile Include="subs.cpp">
      <Filter>Source Files</Filter>
    </ClCompile>
    <ClCompile Include="training_gamerules.cpp">
      <Filter>Source Files</Filter>
    </ClCompile>
    <ClCompile Include="triggers.cpp">
      <Filter>Source Files</Filter>
    </ClCompile>
    <ClCompile Include="util.cpp">
      <Filter>Source Files</Filter>
    </ClCompile>
    <ClCompile Include="vehicle.cpp">
      <Filter>Source Files</Filter>
    </ClCompile>
    <ClCompile Include="..\game_shared\voice_gamemgr.cpp">
      <Filter>Source Files</Filter>
    </ClCompile>
    <ClCompile Include="weapons.cpp">
      <Filter>Source Files</Filter>
    </ClCompile>
    <ClCompile Include="world.cpp">
      <Filter>Source Files</Filter>
    </ClCompile>
    <ClCompile Include="wpn_ak47.cpp">
      <Filter>Source Files\weapons</Filter>
    </ClCompile>
    <ClCompile Include="wpn_aug.cpp">
      <Filter>Source Files\weapons</Filter>
    </ClCompile>
    <ClCompile Include="wpn_awp.cpp">
      <Filter>Source Files\weapons</Filter>
    </ClCompile>
    <ClCompile Include="wpn_c4.cpp">
      <Filter>Source Files\weapons</Filter>
    </ClCompile>
    <ClCompile Include="wpn_deagle.cpp">
      <Filter>Source Files\weapons</Filter>
    </ClCompile>
    <ClCompile Include="wpn_elite.cpp">
      <Filter>Source Files\weapons</Filter>
    </ClCompile>
    <ClCompile Include="wpn_famas.cpp">
      <Filter>Source Files\weapons</Filter>
    </ClCompile>
    <ClCompile Include="wpn_fiveseven.cpp">
      <Filter>Source Files\weapons</Filter>
    </ClCompile>
    <ClCompile Include="wpn_flashbang.cpp">
      <Filter>Source Files\weapons</Filter>
    </ClCompile>
    <ClCompile Include="wpn_g3sg1.cpp">
      <Filter>Source Files\weapons</Filter>
    </ClCompile>
    <ClCompile Include="wpn_galil.cpp">
      <Filter>Source Files\weapons</Filter>
    </ClCompile>
    <ClCompile Include="wpn_glock18.cpp">
      <Filter>Source Files\weapons</Filter>
    </ClCompile>
    <ClCompile Include="wpn_hegrenade.cpp">
      <Filter>Source Files\weapons</Filter>
    </ClCompile>
    <ClCompile Include="wpn_knife.cpp">
      <Filter>Source Files\weapons</Filter>
    </ClCompile>
    <ClCompile Include="wpn_m249.cpp">
      <Filter>Source Files\weapons</Filter>
    </ClCompile>
    <ClCompile Include="wpn_m3.cpp">
      <Filter>Source Files\weapons</Filter>
    </ClCompile>
    <ClCompile Include="wpn_m4a1.cpp">
      <Filter>Source Files\weapons</Filter>
    </ClCompile>
    <ClCompile Include="wpn_mac10.cpp">
      <Filter>Source Files\weapons</Filter>
    </ClCompile>
    <ClCompile Include="wpn_mp5navy.cpp">
      <Filter>Source Files\weapons</Filter>
    </ClCompile>
    <ClCompile Include="wpn_p228.cpp">
      <Filter>Source Files\weapons</Filter>
    </ClCompile>
    <ClCompile Include="wpn_p90.cpp">
      <Filter>Source Files\weapons</Filter>
    </ClCompile>
    <ClCompile Include="wpn_scout.cpp">
      <Filter>Source Files\weapons</Filter>
    </ClCompile>
    <ClCompile Include="wpn_sg550.cpp">
      <Filter>Source Files\weapons</Filter>
    </ClCompile>
    <ClCompile Include="wpn_sg552.cpp">
      <Filter>Source Files\weapons</Filter>
    </ClCompile>
    <ClCompile Include="wpn_smokegrenade.cpp">
      <Filter>Source Files\weapons</Filter>
    </ClCompile>
    <ClCompile Include="wpn_tmp.cpp">
      <Filter>Source Files\weapons</Filter>
    </ClCompile>
    <ClCompile Include="wpn_ump45.cpp">
      <Filter>Source Files\weapons</Filter>
    </ClCompile>
    <ClCompile Include="wpn_usp.cpp">
      <Filter>Source Files\weapons</Filter>
    </ClCompile>
    <ClCompile Include="wpn_xm1014.cpp">
      <Filter>Source Files\weapons</Filter>
    </ClCompile>
    <ClCompile Include="..\common\interface.cpp">
      <Filter>common</Filter>
    </ClCompile>
    <ClCompile Include="..\utils\qbsp2\cull.c">
      <Filter>utils</Filter>
    </ClCompile>
    <ClCompile Include="..\utils\qbsp2\gldraw.c">
      <Filter>utils</Filter>
    </ClCompile>
    <ClCompile Include="..\utils\qbsp2\merge.c">
      <Filter>utils</Filter>
    </ClCompile>
    <ClCompile Include="..\utils\qbsp2\nodraw.c">
      <Filter>utils</Filter>
    </ClCompile>
    <ClCompile Include="..\utils\qbsp2\outside.c">
      <Filter>utils</Filter>
    </ClCompile>
    <ClCompile Include="..\utils\qbsp2\portals.c">
      <Filter>utils</Filter>
    </ClCompile>
    <ClCompile Include="..\utils\qbsp2\qbsp.c">
      <Filter>utils</Filter>
    </ClCompile>
    <ClCompile Include="..\utils\qbsp2\solidbsp.c">
      <Filter>utils</Filter>
    </ClCompile>
    <ClCompile Include="..\utils\qbsp2\surfaces.c">
      <Filter>utils</Filter>
    </ClCompile>
    <ClCompile Include="..\utils\qbsp2\tjunc.c">
      <Filter>utils</Filter>
    </ClCompile>
    <ClCompile Include="..\utils\qbsp2\writebsp.c">
      <Filter>utils</Filter>
    </ClCompile>
    <ClCompile Include="..\utils\qcsg\brush.c">
      <Filter>utils</Filter>
    </ClCompile>
    <ClCompile Include="..\utils\qcsg\gldraw.c">
      <Filter>utils</Filter>
    </ClCompile>
    <ClCompile Include="..\utils\qcsg\hullfile.c">
      <Filter>utils</Filter>
    </ClCompile>
    <ClCompile Include="..\utils\qcsg\map.c">
      <Filter>utils</Filter>
    </ClCompile>
    <ClCompile Include="..\utils\qcsg\qcsg.c">
      <Filter>utils</Filter>
    </ClCompile>
    <ClCompile Include="..\utils\qcsg\textures.c">
      <Filter>utils</Filter>
    </ClCompile>
    <ClCompile Include="..\utils\qlumpy\qlumpy.c">
      <Filter>utils</Filter>
    </ClCompile>
    <ClCompile Include="..\utils\qlumpy\quakegrb.c">
      <Filter>utils</Filter>
    </ClCompile>
    <ClCompile Include="..\utils\qrad\lightmap.c">
      <Filter>utils</Filter>
    </ClCompile>
    <ClCompile Include="..\utils\qrad\qrad.c">
      <Filter>utils</Filter>
    </ClCompile>
    <ClCompile Include="..\utils\qrad\trace.c">
      <Filter>utils</Filter>
    </ClCompile>
    <ClCompile Include="..\utils\qrad\vismat.c">
      <Filter>utils</Filter>
    </ClCompile>
    <ClCompile Include="..\utils\serverctrl\ServerCtrl.cpp">
      <Filter>utils</Filter>
    </ClCompile>
    <ClCompile Include="..\utils\serverctrl\ServerCtrlDlg.cpp">
      <Filter>utils</Filter>
    </ClCompile>
    <ClCompile Include="..\utils\serverctrl\StdAfx.cpp">
      <Filter>utils</Filter>
    </ClCompile>
    <ClCompile Include="..\utils\smdlexp\smdlexp.cpp">
      <Filter>utils</Filter>
    </ClCompile>
    <ClCompile Include="..\utils\sprgen\sprgen.c">
      <Filter>utils</Filter>
    </ClCompile>
    <ClCompile Include="..\utils\studiomdl\bmpread.c">
      <Filter>utils</Filter>
    </ClCompile>
    <ClCompile Include="..\utils\studiomdl\studiomdl.c">
      <Filter>utils</Filter>
    </ClCompile>
    <ClCompile Include="..\utils\studiomdl\tristrip.c">
      <Filter>utils</Filter>
    </ClCompile>
    <ClCompile Include="..\utils\studiomdl\write.c">
      <Filter>utils</Filter>
    </ClCompile>
    <ClCompile Include="..\utils\visx2\flow.c">
      <Filter>utils</Filter>
    </ClCompile>
    <ClCompile Include="..\utils\visx2\soundpvs.c">
      <Filter>utils</Filter>
    </ClCompile>
    <ClCompile Include="..\utils\visx2\vis.c">
      <Filter>utils</Filter>
    </ClCompile>
    <ClCompile Include="..\utils\xwad\xwad.c">
      <Filter>utils</Filter>
    </ClCompile>
    <ClCompile Include="..\utils\bspinfo\bspinfo.c">
      <Filter>utils</Filter>
    </ClCompile>
    <ClCompile Include="..\utils\common\bspfile.c">
      <Filter>utils</Filter>
    </ClCompile>
    <ClCompile Include="..\utils\common\cmdlib.c">
      <Filter>utils</Filter>
    </ClCompile>
    <ClCompile Include="..\utils\common\lbmlib.c">
      <Filter>utils</Filter>
    </ClCompile>
    <ClCompile Include="..\utils\common\mathlib.c">
      <Filter>utils</Filter>
    </ClCompile>
    <ClCompile Include="..\utils\common\polylib.c">
      <Filter>utils</Filter>
    </ClCompile>
    <ClCompile Include="..\utils\common\scriplib.c">
      <Filter>utils</Filter>
    </ClCompile>
    <ClCompile Include="..\utils\common\threads.c">
      <Filter>utils</Filter>
    </ClCompile>
    <ClCompile Include="..\utils\common\trilib.c">
      <Filter>utils</Filter>
    </ClCompile>
    <ClCompile Include="..\utils\common\wadlib.c">
      <Filter>utils</Filter>
    </ClCompile>
    <ClCompile Include="..\utils\light\light.c">
      <Filter>utils</Filter>
    </ClCompile>
    <ClCompile Include="..\utils\light\ltface.c">
      <Filter>utils</Filter>
    </ClCompile>
    <ClCompile Include="..\utils\light\trace.c">
      <Filter>utils</Filter>
    </ClCompile>
    <ClCompile Include="..\utils\makefont\makefont.cpp">
      <Filter>utils</Filter>
    </ClCompile>
    <ClCompile Include="..\utils\makels\makels.cpp">
      <Filter>utils</Filter>
    </ClCompile>
    <ClCompile Include="..\utils\mdlviewer\mdlviewer.cpp">
      <Filter>utils</Filter>
    </ClCompile>
    <ClCompile Include="..\utils\mdlviewer\studio_render.cpp">
      <Filter>utils</Filter>
    </ClCompile>
    <ClCompile Include="..\utils\mdlviewer\studio_utils.cpp">
      <Filter>utils</Filter>
    </ClCompile>
    <ClCompile Include="..\utils\mkmovie\mkmovie.c">
      <Filter>utils</Filter>
    </ClCompile>
  </ItemGroup>
  <ItemGroup>
    <ClInclude Include="activity.h">
      <Filter>Header Files</Filter>
    </ClInclude>
    <ClInclude Include="activitymap.h">
      <Filter>Header Files</Filter>
    </ClInclude>
    <ClInclude Include="animation.h">
      <Filter>Header Files</Filter>
    </ClInclude>
    <ClInclude Include="basemonster.h">
      <Filter>Header Files</Filter>
    </ClInclude>
    <ClInclude Include="cbase.h">
      <Filter>Header Files</Filter>
    </ClInclude>
    <ClInclude Include="cdll_dll.h">
      <Filter>Header Files</Filter>
    </ClInclude>
    <ClInclude Include="client.h">
      <Filter>Header Files</Filter>
    </ClInclude>
    <ClInclude Include="decals.h">
      <Filter>Header Files</Filter>
    </ClInclude>
    <ClInclude Include="doors.h">
      <Filter>Header Files</Filter>
    </ClInclude>
    <ClInclude Include="effects.h">
      <Filter>Header Files</Filter>
    </ClInclude>
    <ClInclude Include="enginecallback.h">
      <Filter>Header Files</Filter>
    </ClInclude>
    <ClInclude Include="explode.h">
      <Filter>Header Files</Filter>
    </ClInclude>
    <ClInclude Include="extdll.h">
      <Filter>Header Files</Filter>
    </ClInclude>
    <ClInclude Include="func_break.h">
      <Filter>Header Files</Filter>
    </ClInclude>
    <ClInclude Include="game.h">
      <Filter>Header Files</Filter>
    </ClInclude>
    <ClInclude Include="gamerules.h">
      <Filter>Header Files</Filter>
    </ClInclude>
    <ClInclude Include="hintmessage.h">
      <Filter>Header Files</Filter>
    </ClInclude>
    <ClInclude Include="hostage.h">
      <Filter>Header Files</Filter>
    </ClInclude>
    <ClInclude Include="items.h">
      <Filter>Header Files</Filter>
    </ClInclude>
    <ClInclude Include="mapinfo.h">
      <Filter>Header Files</Filter>
    </ClInclude>
    <ClInclude Include="maprules.h">
      <Filter>Header Files</Filter>
    </ClInclude>
    <ClInclude Include="MemPool.h">
      <Filter>Header Files</Filter>
    </ClInclude>
    <ClInclude Include="monsterevent.h">
      <Filter>Header Files</Filter>
    </ClInclude>
    <ClInclude Include="monsters.h">
      <Filter>Header Files</Filter>
    </ClInclude>
    <ClInclude Include="nodes.h">
      <Filter>Header Files</Filter>
    </ClInclude>
    <ClInclude Include="perf_counter.h">
      <Filter>Header Files</Filter>
    </ClInclude>
    <ClInclude Include="plane.h">
      <Filter>Header Files</Filter>
    </ClInclude>
    <ClInclude Include="player.h">
      <Filter>Header Files</Filter>
    </ClInclude>
    <ClInclude Include="..\pm_shared\pm_debug.h">
      <Filter>Header Files</Filter>
    </ClInclude>
    <ClInclude Include="..\pm_shared\pm_defs.h">
      <Filter>Header Files</Filter>
    </ClInclude>
    <ClInclude Include="..\pm_shared\pm_info.h">
      <Filter>Header Files</Filter>
    </ClInclude>
    <ClInclude Include="..\pm_shared\pm_materials.h">
      <Filter>Header Files</Filter>
    </ClInclude>
    <ClInclude Include="..\pm_shared\pm_movevars.h">
      <Filter>Header Files</Filter>
    </ClInclude>
    <ClInclude Include="..\pm_shared\pm_shared.h">
      <Filter>Header Files</Filter>
    </ClInclude>
    <ClInclude Include="saverestore.h">
      <Filter>Header Files</Filter>
    </ClInclude>
    <ClInclude Include="schedule.h">
      <Filter>Header Files</Filter>
    </ClInclude>
    <ClInclude Include="scriptevent.h">
      <Filter>Header Files</Filter>
    </ClInclude>
    <ClInclude Include="skill.h">
      <Filter>Header Files</Filter>
    </ClInclude>
    <ClInclude Include="soundent.h">
      <Filter>Header Files</Filter>
    </ClInclude>
    <ClInclude Include="spectator.h">
      <Filter>Header Files</Filter>
    </ClInclude>
    <ClInclude Include="talkmonster.h">
      <Filter>Header Files</Filter>
    </ClInclude>
    <ClInclude Include="training_gamerules.h">
      <Filter>Header Files</Filter>
    </ClInclude>
    <ClInclude Include="trains.h">
      <Filter>Header Files</Filter>
    </ClInclude>
    <ClInclude Include="util.h">
      <Filter>Header Files</Filter>
    </ClInclude>
    <ClInclude Include="UtlMemory.h">
      <Filter>Header Files</Filter>
    </ClInclude>
    <ClInclude Include="UtlVector.h">
      <Filter>Header Files</Filter>
    </ClInclude>
    <ClInclude Include="vector.h">
      <Filter>Header Files</Filter>
    </ClInclude>
    <ClInclude Include="vehicle.h">
      <Filter>Header Files</Filter>
    </ClInclude>
    <ClInclude Include="weapons.h">
      <Filter>Header Files</Filter>
    </ClInclude>
    <ClInclude Include="..\common\beamdef.h">
      <Filter>common</Filter>
    </ClInclude>
    <ClInclude Include="..\common\cl_entity.h">
      <Filter>common</Filter>
    </ClInclude>
    <ClInclude Include="..\common\com_model.h">
      <Filter>common</Filter>
    </ClInclude>
    <ClInclude Include="..\common\con_nprint.h">
      <Filter>common</Filter>
    </ClInclude>
    <ClInclude Include="..\common\const.h">
      <Filter>common</Filter>
    </ClInclude>
    <ClInclude Include="..\common\crc.h">
      <Filter>common</Filter>
    </ClInclude>
    <ClInclude Include="..\common\cvardef.h">
      <Filter>common</Filter>
    </ClInclude>
    <ClInclude Include="..\common\demo_api.h">
      <Filter>common</Filter>
    </ClInclude>
    <ClInclude Include="..\common\director_cmds.h">
      <Filter>common</Filter>
    </ClInclude>
    <ClInclude Include="..\common\dlight.h">
      <Filter>common</Filter>
    </ClInclude>
    <ClInclude Include="..\common\dll_state.h">
      <Filter>common</Filter>
    </ClInclude>
    <ClInclude Include="..\common\engine_launcher_api.h">
      <Filter>common</Filter>
    </ClInclude>
    <ClInclude Include="..\common\entity_state.h">
      <Filter>common</Filter>
    </ClInclude>
    <ClInclude Include="..\common\entity_types.h">
      <Filter>common</Filter>
    </ClInclude>
    <ClInclude Include="..\common\event_api.h">
      <Filter>common</Filter>
    </ClInclude>
    <ClInclude Include="..\common\event_args.h">
      <Filter>common</Filter>
    </ClInclude>
    <ClInclude Include="..\common\event_flags.h">
      <Filter>common</Filter>
    </ClInclude>
    <ClInclude Include="..\common\exefuncs.h">
      <Filter>common</Filter>
    </ClInclude>
    <ClInclude Include="..\common\hltv.h">
      <Filter>common</Filter>
    </ClInclude>
    <ClInclude Include="..\common\in_buttons.h">
      <Filter>common</Filter>
    </ClInclude>
    <ClInclude Include="..\common\interface.h">
      <Filter>common</Filter>
    </ClInclude>
    <ClInclude Include="..\common\ivoicetweak.h">
      <Filter>common</Filter>
    </ClInclude>
    <ClInclude Include="..\common\mathlib.h">
      <Filter>common</Filter>
    </ClInclude>
    <ClInclude Include="..\common\net_api.h">
      <Filter>common</Filter>
    </ClInclude>
    <ClInclude Include="..\common\netadr.h">
      <Filter>common</Filter>
    </ClInclude>
    <ClInclude Include="..\common\nowin.h">
      <Filter>common</Filter>
    </ClInclude>
    <ClInclude Include="..\common\particledef.h">
      <Filter>common</Filter>
    </ClInclude>
    <ClInclude Include="..\common\pmtrace.h">
      <Filter>common</Filter>
    </ClInclude>
    <ClInclude Include="..\common\qfont.h">
      <Filter>common</Filter>
    </ClInclude>
    <ClInclude Include="..\common\r_efx.h">
      <Filter>common</Filter>
    </ClInclude>
    <ClInclude Include="..\common\r_studioint.h">
      <Filter>common</Filter>
    </ClInclude>
    <ClInclude Include="..\common\ref_params.h">
      <Filter>common</Filter>
    </ClInclude>
    <ClInclude Include="..\common\screenfade.h">
      <Filter>common</Filter>
    </ClInclude>
    <ClInclude Include="..\common\studio_event.h">
      <Filter>common</Filter>
    </ClInclude>
    <ClInclude Include="..\common\triangleapi.h">
      <Filter>common</Filter>
    </ClInclude>
    <ClInclude Include="..\common\usercmd.h">
      <Filter>common</Filter>
    </ClInclude>
    <ClInclude Include="..\common\weaponinfo.h">
      <Filter>common</Filter>
    </ClInclude>
    <ClInclude Include="..\engine\anorms.h">
      <Filter>engine</Filter>
    </ClInclude>
    <ClInclude Include="..\engine\archtypes.h">
      <Filter>engine</Filter>
    </ClInclude>
    <ClInclude Include="..\engine\cdll_int.h">
      <Filter>engine</Filter>
    </ClInclude>
    <ClInclude Include="..\engine\custom.h">
      <Filter>engine</Filter>
    </ClInclude>
    <ClInclude Include="..\engine\customentity.h">
      <Filter>engine</Filter>
    </ClInclude>
    <ClInclude Include="..\engine\edict.h">
      <Filter>engine</Filter>
    </ClInclude>
    <ClInclude Include="..\engine\eiface.h">
      <Filter>engine</Filter>
    </ClInclude>
    <ClInclude Include="..\engine\keydefs.h">
      <Filter>engine</Filter>
    </ClInclude>
    <ClInclude Include="..\engine\progdefs.h">
      <Filter>engine</Filter>
    </ClInclude>
    <ClInclude Include="..\engine\progs.h">
      <Filter>engine</Filter>
    </ClInclude>
    <ClInclude Include="..\engine\Sequence.h">
      <Filter>engine</Filter>
    </ClInclude>
    <ClInclude Include="..\engine\shake.h">
      <Filter>engine</Filter>
    </ClInclude>
    <ClInclude Include="..\engine\studio.h">
      <Filter>engine</Filter>
    </ClInclude>
    <ClInclude Include="..\public\tier1\UtlMemory.h">
      <Filter>public</Filter>
    </ClInclude>
    <ClInclude Include="..\public\tier1\UtlVector.h">
      <Filter>public</Filter>
    </ClInclude>
    <ClInclude Include="..\utils\qbsp2\bsp5.h">
      <Filter>utils</Filter>
    </ClInclude>
    <ClInclude Include="..\utils\qcsg\csg.h">
      <Filter>utils</Filter>
    </ClInclude>
    <ClInclude Include="..\utils\qlumpy\qlumpy.h">
      <Filter>utils</Filter>
    </ClInclude>
    <ClInclude Include="..\utils\qrad\qrad.h">
      <Filter>utils</Filter>
    </ClInclude>
    <ClInclude Include="..\utils\serverctrl\resource.h">
      <Filter>utils</Filter>
    </ClInclude>
    <ClInclude Include="..\utils\serverctrl\ServerCtrl.h">
      <Filter>utils</Filter>
    </ClInclude>
    <ClInclude Include="..\utils\serverctrl\ServerCtrlDlg.h">
      <Filter>utils</Filter>
    </ClInclude>
    <ClInclude Include="..\utils\serverctrl\StdAfx.h">
      <Filter>utils</Filter>
    </ClInclude>
    <ClInclude Include="..\utils\smdlexp\smedefs.h">
      <Filter>utils</Filter>
    </ClInclude>
    <ClInclude Include="..\utils\smdlexp\smexprc.h">
      <Filter>utils</Filter>
    </ClInclude>
    <ClInclude Include="..\utils\sprgen\spritegn.h">
      <Filter>utils</Filter>
    </ClInclude>
    <ClInclude Include="..\utils\studiomdl\studiomdl.h">
      <Filter>utils</Filter>
    </ClInclude>
    <ClInclude Include="..\utils\vgui\include\VGUI.h">
      <Filter>utils</Filter>
    </ClInclude>
    <ClInclude Include="..\utils\vgui\include\VGUI_ActionSignal.h">
      <Filter>utils</Filter>
    </ClInclude>
    <ClInclude Include="..\utils\vgui\include\VGUI_App.h">
      <Filter>utils</Filter>
    </ClInclude>
    <ClInclude Include="..\utils\vgui\include\VGUI_Bitmap.h">
      <Filter>utils</Filter>
    </ClInclude>
    <ClInclude Include="..\utils\vgui\include\VGUI_BitmapTGA.h">
      <Filter>utils</Filter>
    </ClInclude>
    <ClInclude Include="..\utils\vgui\include\VGUI_Border.h">
      <Filter>utils</Filter>
    </ClInclude>
    <ClInclude Include="..\utils\vgui\include\VGUI_BorderLayout.h">
      <Filter>utils</Filter>
    </ClInclude>
    <ClInclude Include="..\utils\vgui\include\VGUI_BorderPair.h">
      <Filter>utils</Filter>
    </ClInclude>
    <ClInclude Include="..\utils\vgui\include\VGUI_BuildGroup.h">
      <Filter>utils</Filter>
    </ClInclude>
    <ClInclude Include="..\utils\vgui\include\VGUI_Button.h">
      <Filter>utils</Filter>
    </ClInclude>
    <ClInclude Include="..\utils\vgui\include\VGUI_ButtonController.h">
      <Filter>utils</Filter>
    </ClInclude>
    <ClInclude Include="..\utils\vgui\include\VGUI_ButtonGroup.h">
      <Filter>utils</Filter>
    </ClInclude>
    <ClInclude Include="..\utils\vgui\include\VGUI_ChangeSignal.h">
      <Filter>utils</Filter>
    </ClInclude>
    <ClInclude Include="..\utils\vgui\include\VGUI_CheckButton.h">
      <Filter>utils</Filter>
    </ClInclude>
    <ClInclude Include="..\utils\vgui\include\VGUI_Color.h">
      <Filter>utils</Filter>
    </ClInclude>
    <ClInclude Include="..\utils\vgui\include\VGUI_ComboKey.h">
      <Filter>utils</Filter>
    </ClInclude>
    <ClInclude Include="..\utils\vgui\include\VGUI_ConfigWizard.h">
      <Filter>utils</Filter>
    </ClInclude>
    <ClInclude Include="..\utils\vgui\include\VGUI_Cursor.h">
      <Filter>utils</Filter>
    </ClInclude>
    <ClInclude Include="..\utils\vgui\include\VGUI_Dar.h">
      <Filter>utils</Filter>
    </ClInclude>
    <ClInclude Include="..\utils\vgui\include\VGUI_DataInputStream.h">
      <Filter>utils</Filter>
    </ClInclude>
    <ClInclude Include="..\utils\vgui\include\VGUI_Desktop.h">
      <Filter>utils</Filter>
    </ClInclude>
    <ClInclude Include="..\utils\vgui\include\VGUI_DesktopIcon.h">
      <Filter>utils</Filter>
    </ClInclude>
    <ClInclude Include="..\utils\vgui\include\VGUI_EditPanel.h">
      <Filter>utils</Filter>
    </ClInclude>
    <ClInclude Include="..\utils\vgui\include\VGUI_EtchedBorder.h">
      <Filter>utils</Filter>
    </ClInclude>
    <ClInclude Include="..\utils\vgui\include\VGUI_FileInputStream.h">
      <Filter>utils</Filter>
    </ClInclude>
    <ClInclude Include="..\utils\vgui\include\VGUI_FlowLayout.h">
      <Filter>utils</Filter>
    </ClInclude>
    <ClInclude Include="..\utils\vgui\include\VGUI_FocusChangeSignal.h">
      <Filter>utils</Filter>
    </ClInclude>
    <ClInclude Include="..\utils\vgui\include\VGUI_FocusNavGroup.h">
      <Filter>utils</Filter>
    </ClInclude>
    <ClInclude Include="..\utils\vgui\include\VGUI_Font.h">
      <Filter>utils</Filter>
    </ClInclude>
    <ClInclude Include="..\utils\vgui\include\VGUI_Frame.h">
      <Filter>utils</Filter>
    </ClInclude>
    <ClInclude Include="..\utils\vgui\include\VGUI_FrameSignal.h">
      <Filter>utils</Filter>
    </ClInclude>
    <ClInclude Include="..\utils\vgui\include\VGUI_GridLayout.h">
      <Filter>utils</Filter>
    </ClInclude>
    <ClInclude Include="..\utils\vgui\include\VGUI_HeaderPanel.h">
      <Filter>utils</Filter>
    </ClInclude>
    <ClInclude Include="..\utils\vgui\include\VGUI_Image.h">
      <Filter>utils</Filter>
    </ClInclude>
    <ClInclude Include="..\utils\vgui\include\VGUI_ImagePanel.h">
      <Filter>utils</Filter>
    </ClInclude>
    <ClInclude Include="..\utils\vgui\include\VGUI_InputSignal.h">
      <Filter>utils</Filter>
    </ClInclude>
    <ClInclude Include="..\utils\vgui\include\VGUI_InputStream.h">
      <Filter>utils</Filter>
    </ClInclude>
    <ClInclude Include="..\utils\vgui\include\VGUI_IntChangeSignal.h">
      <Filter>utils</Filter>
    </ClInclude>
    <ClInclude Include="..\utils\vgui\include\VGUI_IntLabel.h">
      <Filter>utils</Filter>
    </ClInclude>
    <ClInclude Include="..\utils\vgui\include\VGUI_KeyCode.h">
      <Filter>utils</Filter>
    </ClInclude>
    <ClInclude Include="..\utils\vgui\include\VGUI_Label.h">
      <Filter>utils</Filter>
    </ClInclude>
    <ClInclude Include="..\utils\vgui\include\VGUI_Layout.h">
      <Filter>utils</Filter>
    </ClInclude>
    <ClInclude Include="..\utils\vgui\include\VGUI_LayoutInfo.h">
      <Filter>utils</Filter>
    </ClInclude>
    <ClInclude Include="..\utils\vgui\include\VGUI_LineBorder.h">
      <Filter>utils</Filter>
    </ClInclude>
    <ClInclude Include="..\utils\vgui\include\VGUI_ListPanel.h">
      <Filter>utils</Filter>
    </ClInclude>
    <ClInclude Include="..\utils\vgui\include\VGUI_LoweredBorder.h">
      <Filter>utils</Filter>
    </ClInclude>
    <ClInclude Include="..\utils\vgui\include\VGUI_Menu.h">
      <Filter>utils</Filter>
    </ClInclude>
    <ClInclude Include="..\utils\vgui\include\VGUI_MenuItem.h">
      <Filter>utils</Filter>
    </ClInclude>
    <ClInclude Include="..\utils\vgui\include\VGUI_MenuSeparator.h">
      <Filter>utils</Filter>
    </ClInclude>
    <ClInclude Include="..\utils\vgui\include\VGUI_MessageBox.h">
      <Filter>utils</Filter>
    </ClInclude>
    <ClInclude Include="..\utils\vgui\include\VGUI_MiniApp.h">
      <Filter>utils</Filter>
    </ClInclude>
    <ClInclude Include="..\utils\vgui\include\VGUI_MouseCode.h">
      <Filter>utils</Filter>
    </ClInclude>
    <ClInclude Include="..\utils\vgui\include\VGUI_Panel.h">
      <Filter>utils</Filter>
    </ClInclude>
    <ClInclude Include="..\utils\vgui\include\VGUI_PopupMenu.h">
      <Filter>utils</Filter>
    </ClInclude>
    <ClInclude Include="..\utils\vgui\include\VGUI_ProgressBar.h">
      <Filter>utils</Filter>
    </ClInclude>
    <ClInclude Include="..\utils\vgui\include\VGUI_RadioButton.h">
      <Filter>utils</Filter>
    </ClInclude>
    <ClInclude Include="..\utils\vgui\include\VGUI_RaisedBorder.h">
      <Filter>utils</Filter>
    </ClInclude>
    <ClInclude Include="..\utils\vgui\include\VGUI_RepaintSignal.h">
      <Filter>utils</Filter>
    </ClInclude>
    <ClInclude Include="..\utils\vgui\include\VGUI_Scheme.h">
      <Filter>utils</Filter>
    </ClInclude>
    <ClInclude Include="..\utils\vgui\include\VGUI_ScrollBar.h">
      <Filter>utils</Filter>
    </ClInclude>
    <ClInclude Include="..\utils\vgui\include\VGUI_ScrollPanel.h">
      <Filter>utils</Filter>
    </ClInclude>
    <ClInclude Include="..\utils\vgui\include\VGUI_Slider.h">
      <Filter>utils</Filter>
    </ClInclude>
    <ClInclude Include="..\utils\vgui\include\VGUI_StackLayout.h">
      <Filter>utils</Filter>
    </ClInclude>
    <ClInclude Include="..\utils\vgui\include\VGUI_String.h">
      <Filter>utils</Filter>
    </ClInclude>
    <ClInclude Include="..\utils\vgui\include\VGUI_Surface.h">
      <Filter>utils</Filter>
    </ClInclude>
    <ClInclude Include="..\utils\vgui\include\VGUI_SurfaceBase.h">
      <Filter>utils</Filter>
    </ClInclude>
    <ClInclude Include="..\utils\vgui\include\VGUI_SurfaceGL.h">
      <Filter>utils</Filter>
    </ClInclude>
    <ClInclude Include="..\utils\vgui\include\VGUI_TablePanel.h">
      <Filter>utils</Filter>
    </ClInclude>
    <ClInclude Include="..\utils\vgui\include\VGUI_TabPanel.h">
      <Filter>utils</Filter>
    </ClInclude>
    <ClInclude Include="..\utils\vgui\include\VGUI_TaskBar.h">
      <Filter>utils</Filter>
    </ClInclude>
    <ClInclude Include="..\utils\vgui\include\VGUI_TextEntry.h">
      <Filter>utils</Filter>
    </ClInclude>
    <ClInclude Include="..\utils\vgui\include\VGUI_TextGrid.h">
      <Filter>utils</Filter>
    </ClInclude>
    <ClInclude Include="..\utils\vgui\include\VGUI_TextImage.h">
      <Filter>utils</Filter>
    </ClInclude>
    <ClInclude Include="..\utils\vgui\include\VGUI_TextPanel.h">
      <Filter>utils</Filter>
    </ClInclude>
    <ClInclude Include="..\utils\vgui\include\VGUI_TickSignal.h">
      <Filter>utils</Filter>
    </ClInclude>
    <ClInclude Include="..\utils\vgui\include\VGUI_ToggleButton.h">
      <Filter>utils</Filter>
    </ClInclude>
    <ClInclude Include="..\utils\vgui\include\VGUI_TreeFolder.h">
      <Filter>utils</Filter>
    </ClInclude>
    <ClInclude Include="..\utils\vgui\include\VGUI_WizardPanel.h">
      <Filter>utils</Filter>
    </ClInclude>
    <ClInclude Include="..\utils\visx2\vis.h">
      <Filter>utils</Filter>
    </ClInclude>
    <ClInclude Include="..\utils\common\bspfile.h">
      <Filter>utils</Filter>
    </ClInclude>
    <ClInclude Include="..\utils\common\cmdlib.h">
      <Filter>utils</Filter>
    </ClInclude>
    <ClInclude Include="..\utils\common\lbmlib.h">
      <Filter>utils</Filter>
    </ClInclude>
    <ClInclude Include="..\utils\common\mathlib.h">
      <Filter>utils</Filter>
    </ClInclude>
    <ClInclude Include="..\utils\common\movie.h">
      <Filter>utils</Filter>
    </ClInclude>
    <ClInclude Include="..\utils\common\polylib.h">
      <Filter>utils</Filter>
    </ClInclude>
    <ClInclude Include="..\utils\common\scriplib.h">
      <Filter>utils</Filter>
    </ClInclude>
    <ClInclude Include="..\utils\common\threads.h">
      <Filter>utils</Filter>
    </ClInclude>
    <ClInclude Include="..\utils\common\trilib.h">
      <Filter>utils</Filter>
    </ClInclude>
    <ClInclude Include="..\utils\common\wadlib.h">
      <Filter>utils</Filter>
    </ClInclude>
    <ClInclude Include="..\utils\light\light.h">
      <Filter>utils</Filter>
    </ClInclude>
    <ClInclude Include="..\utils\mdlviewer\mdlviewer.h">
      <Filter>utils</Filter>
    </ClInclude>
    <ClInclude Include="..\utils\procinfo\procinfo.h">
      <Filter>utils</Filter>
    </ClInclude>
  </ItemGroup>
  <ItemGroup>
    <None Include="..\utils\serverctrl\res\serverctrl.rc2">
      <Filter>utils</Filter>
    </None>
    <None Include="..\utils\smdlexp\smdlexp.def">
      <Filter>utils</Filter>
    </None>
  </ItemGroup>
  <ItemGroup>
    <ResourceCompile Include="..\utils\serverctrl\ServerCtrl.rc">
      <Filter>utils</Filter>
    </ResourceCompile>
    <ResourceCompile Include="..\utils\smdlexp\smdlexp.rc">
      <Filter>utils</Filter>
    </ResourceCompile>
  </ItemGroup>
</Project>